// !$*UTF8*$!
{
	archiveVersion = 1;
	classes = {
	};
	objectVersion = 46;
	objects = {

/* Begin PBXBuildFile section */
		44E46C46C83E9BD0B2F3592A /* libPods.a in Frameworks */ = {isa = PBXBuildFile; fileRef = 808A8A0F4B6CF0A061F79A27 /* libPods.a */; };
		A20D8A091BB0D56B00B4262A /* ItemCustomCell.m in Sources */ = {isa = PBXBuildFile; fileRef = A20D8A081BB0D56B00B4262A /* ItemCustomCell.m */; };
		A22B7F201B5E16740096CEEC /* AddItemViewController.m in Sources */ = {isa = PBXBuildFile; fileRef = A22B7F1F1B5E16740096CEEC /* AddItemViewController.m */; };
		A22C5F1B1B9A430D001210C1 /* Solution.m in Sources */ = {isa = PBXBuildFile; fileRef = A22C5F1A1B9A430D001210C1 /* Solution.m */; };
		A22C5F1F1B9B6CC5001210C1 /* SolutionCustomCell.m in Sources */ = {isa = PBXBuildFile; fileRef = A22C5F1E1B9B6CC5001210C1 /* SolutionCustomCell.m */; };
		A2301B2E1AF41A7C00E2267D /* main.m in Sources */ = {isa = PBXBuildFile; fileRef = A2301B2D1AF41A7C00E2267D /* main.m */; };
		A2301B311AF41A7C00E2267D /* AppDelegate.m in Sources */ = {isa = PBXBuildFile; fileRef = A2301B301AF41A7C00E2267D /* AppDelegate.m */; };
		A2301B341AF41A7C00E2267D /* Dan2Doozer.xcdatamodeld in Sources */ = {isa = PBXBuildFile; fileRef = A2301B321AF41A7C00E2267D /* Dan2Doozer.xcdatamodeld */; };
		A2301B371AF41A7C00E2267D /* MasterViewController.m in Sources */ = {isa = PBXBuildFile; fileRef = A2301B361AF41A7C00E2267D /* MasterViewController.m */; };
		A2301B3D1AF41A7C00E2267D /* Main.storyboard in Resources */ = {isa = PBXBuildFile; fileRef = A2301B3B1AF41A7C00E2267D /* Main.storyboard */; };
		A2301B3F1AF41A7C00E2267D /* Images.xcassets in Resources */ = {isa = PBXBuildFile; fileRef = A2301B3E1AF41A7C00E2267D /* Images.xcassets */; };
		A2301B421AF41A7C00E2267D /* LaunchScreen.xib in Resources */ = {isa = PBXBuildFile; fileRef = A2301B401AF41A7C00E2267D /* LaunchScreen.xib */; };
		A2301B5C1AF43CAE00E2267D /* Item.m in Sources */ = {isa = PBXBuildFile; fileRef = A2301B5B1AF43CAE00E2267D /* Item.m */; };
		A2301B5F1AF6E04F00E2267D /* LoginViewController.m in Sources */ = {isa = PBXBuildFile; fileRef = A2301B5E1AF6E04F00E2267D /* LoginViewController.m */; };
		A24290411B45D7C80070662C /* ParentCustomCell.m in Sources */ = {isa = PBXBuildFile; fileRef = A24290401B45D7C80070662C /* ParentCustomCell.m */; };
		A24290441B45E3260070662C /* ColorHelper.m in Sources */ = {isa = PBXBuildFile; fileRef = A24290431B45E3260070662C /* ColorHelper.m */; };
		A253AD291B4AEF1200D896E1 /* ListCustomCell.m in Sources */ = {isa = PBXBuildFile; fileRef = A253AD281B4AEF1200D896E1 /* ListCustomCell.m */; };
		A25619441B55A2C1005D5D29 /* MasterViewControllerTests.m in Sources */ = {isa = PBXBuildFile; fileRef = A25619431B55A2C1005D5D29 /* MasterViewControllerTests.m */; };
		A27001EA1B61C6C800D1B7B3 /* DueItemsViewController.m in Sources */ = {isa = PBXBuildFile; fileRef = A27001E91B61C6C800D1B7B3 /* DueItemsViewController.m */; };
		A27282971B0D6728002D5BE5 /* libPods-AFNetworking.a in Frameworks */ = {isa = PBXBuildFile; fileRef = A27282961B0D6728002D5BE5 /* libPods-AFNetworking.a */; };
		A273424A1B0EDA4E00C1E219 /* ListViewController.m in Sources */ = {isa = PBXBuildFile; fileRef = A27342491B0EDA4E00C1E219 /* ListViewController.m */; };
		A27439031B55F428002E7CA5 /* FBSDKCoreKit.framework in Frameworks */ = {isa = PBXBuildFile; fileRef = A27439021B55F428002E7CA5 /* FBSDKCoreKit.framework */; };
		A27439051B55F436002E7CA5 /* FBSDKLoginKit.framework in Frameworks */ = {isa = PBXBuildFile; fileRef = A27439041B55F436002E7CA5 /* FBSDKLoginKit.framework */; };
		A29CD7E11B1ACAF5000FA1B0 /* DoozerSyncManager.m in Sources */ = {isa = PBXBuildFile; fileRef = A29CD7E01B1ACAF5000FA1B0 /* DoozerSyncManager.m */; };
		A29CD7E41B1ACCAC000FA1B0 /* DoozerSettingsManager.m in Sources */ = {isa = PBXBuildFile; fileRef = A29CD7E31B1ACCAC000FA1B0 /* DoozerSettingsManager.m */; };
		A29CD7EA1B1FFB27000FA1B0 /* GetItemsFromDoozer.m in Sources */ = {isa = PBXBuildFile; fileRef = A29CD7E91B1FFB27000FA1B0 /* GetItemsFromDoozer.m */; };
		A29CD7F61B211FAB000FA1B0 /* WelcomeViewController.m in Sources */ = {isa = PBXBuildFile; fileRef = A29CD7F51B211FAB000FA1B0 /* WelcomeViewController.m */; };
		A2AC4D611B70492800B3659F /* ItemVC.m in Sources */ = {isa = PBXBuildFile; fileRef = A2AC4D601B70492800B3659F /* ItemVC.m */; };
		A2C2255D1B1989B1002E5F97 /* CoreDataItemManager.m in Sources */ = {isa = PBXBuildFile; fileRef = A2C2255C1B1989B1002E5F97 /* CoreDataItemManager.m */; };
		A2C2F1EC1B57144800360A25 /* ColorHelperTests.m in Sources */ = {isa = PBXBuildFile; fileRef = A2C2F1EB1B57144800360A25 /* ColorHelperTests.m */; };
		A2C2F1F61B588AEB00360A25 /* DoozerUITests.m in Sources */ = {isa = PBXBuildFile; fileRef = A2C2F1F51B588AEB00360A25 /* DoozerUITests.m */; };
		A2C9F9E91B78333300EB2DFF /* LEBackgroundThread.m in Sources */ = {isa = PBXBuildFile; fileRef = A2C9F9DC1B78333300EB2DFF /* LEBackgroundThread.m */; };
		A2C9F9EA1B78333300EB2DFF /* lecore.m in Sources */ = {isa = PBXBuildFile; fileRef = A2C9F9DE1B78333300EB2DFF /* lecore.m */; };
		A2C9F9EB1B78333300EB2DFF /* LELog.m in Sources */ = {isa = PBXBuildFile; fileRef = A2C9F9E21B78333300EB2DFF /* LELog.m */; };
		A2C9F9EC1B78333300EB2DFF /* LeNetworkStatus.m in Sources */ = {isa = PBXBuildFile; fileRef = A2C9F9E41B78333300EB2DFF /* LeNetworkStatus.m */; };
		A2C9F9ED1B78333300EB2DFF /* LogFile.m in Sources */ = {isa = PBXBuildFile; fileRef = A2C9F9E61B78333300EB2DFF /* LogFile.m */; };
		A2C9F9EE1B78333300EB2DFF /* LogFiles.m in Sources */ = {isa = PBXBuildFile; fileRef = A2C9F9E81B78333300EB2DFF /* LogFiles.m */; };
		A2FB553A1B2F851700D19660 /* AddItemsToServer.m in Sources */ = {isa = PBXBuildFile; fileRef = A2FB55391B2F851700D19660 /* AddItemsToServer.m */; };
		A2FB553D1B2FC02700D19660 /* UpdateItemsOnServer.m in Sources */ = {isa = PBXBuildFile; fileRef = A2FB553C1B2FC02700D19660 /* UpdateItemsOnServer.m */; };
		A2FB55401B2FC44B00D19660 /* DeleteItemFromServer.m in Sources */ = {isa = PBXBuildFile; fileRef = A2FB553F1B2FC44B00D19660 /* DeleteItemFromServer.m */; };
/* End PBXBuildFile section */

/* Begin PBXContainerItemProxy section */
		A2190CFD1B7E9B9000267578 /* PBXContainerItemProxy */ = {
			isa = PBXContainerItemProxy;
			containerPortal = A2301B201AF41A7C00E2267D /* Project object */;
			proxyType = 1;
			remoteGlobalIDString = A2301B271AF41A7C00E2267D;
			remoteInfo = Doozer;
		};
		A2301B481AF41A7C00E2267D /* PBXContainerItemProxy */ = {
			isa = PBXContainerItemProxy;
			containerPortal = A2301B201AF41A7C00E2267D /* Project object */;
			proxyType = 1;
			remoteGlobalIDString = A2301B271AF41A7C00E2267D;
			remoteInfo = Dan2Doozer;
		};
		A2C2F1F81B588AEB00360A25 /* PBXContainerItemProxy */ = {
			isa = PBXContainerItemProxy;
			containerPortal = A2301B201AF41A7C00E2267D /* Project object */;
			proxyType = 1;
			remoteGlobalIDString = A2301B271AF41A7C00E2267D;
			remoteInfo = Doozer;
		};
/* End PBXContainerItemProxy section */

/* Begin PBXFileReference section */
		73D3B277CF7E6B25D1CB8C06 /* Pods.debug.xcconfig */ = {isa = PBXFileReference; includeInIndex = 1; lastKnownFileType = text.xcconfig; name = Pods.debug.xcconfig; path = "Pods/Target Support Files/Pods/Pods.debug.xcconfig"; sourceTree = "<group>"; };
		7FB8AABDC09CD33586506854 /* Pods.release.xcconfig */ = {isa = PBXFileReference; includeInIndex = 1; lastKnownFileType = text.xcconfig; name = Pods.release.xcconfig; path = "Pods/Target Support Files/Pods/Pods.release.xcconfig"; sourceTree = "<group>"; };
		808A8A0F4B6CF0A061F79A27 /* libPods.a */ = {isa = PBXFileReference; explicitFileType = archive.ar; includeInIndex = 0; path = libPods.a; sourceTree = BUILT_PRODUCTS_DIR; };
		A20A03FC1BB716A5007AEF27 /* Dan2Doozer 7.xcdatamodel */ = {isa = PBXFileReference; lastKnownFileType = wrapper.xcdatamodel; path = "Dan2Doozer 7.xcdatamodel"; sourceTree = "<group>"; };
		A20D8A071BB0D56B00B4262A /* ItemCustomCell.h */ = {isa = PBXFileReference; fileEncoding = 4; lastKnownFileType = sourcecode.c.h; path = ItemCustomCell.h; sourceTree = "<group>"; };
		A20D8A081BB0D56B00B4262A /* ItemCustomCell.m */ = {isa = PBXFileReference; fileEncoding = 4; lastKnownFileType = sourcecode.c.objc; path = ItemCustomCell.m; sourceTree = "<group>"; };
		A21658311B800B1700D5900C /* Constants.h */ = {isa = PBXFileReference; lastKnownFileType = sourcecode.c.h; path = Constants.h; sourceTree = "<group>"; };
		A2190CF81B7E9B9000267578 /* DoozerUITestsUpdated.xctest */ = {isa = PBXFileReference; explicitFileType = wrapper.cfbundle; includeInIndex = 0; path = DoozerUITestsUpdated.xctest; sourceTree = BUILT_PRODUCTS_DIR; };
		A22B7F1E1B5E16740096CEEC /* AddItemViewController.h */ = {isa = PBXFileReference; fileEncoding = 4; lastKnownFileType = sourcecode.c.h; path = AddItemViewController.h; sourceTree = "<group>"; };
		A22B7F1F1B5E16740096CEEC /* AddItemViewController.m */ = {isa = PBXFileReference; fileEncoding = 4; lastKnownFileType = sourcecode.c.objc; path = AddItemViewController.m; sourceTree = "<group>"; };
		A22C5F191B9A430D001210C1 /* Solution.h */ = {isa = PBXFileReference; fileEncoding = 4; lastKnownFileType = sourcecode.c.h; path = Solution.h; sourceTree = "<group>"; };
		A22C5F1A1B9A430D001210C1 /* Solution.m */ = {isa = PBXFileReference; fileEncoding = 4; lastKnownFileType = sourcecode.c.objc; path = Solution.m; sourceTree = "<group>"; };
		A22C5F1C1B9A5D57001210C1 /* Dan2Doozer 6.xcdatamodel */ = {isa = PBXFileReference; lastKnownFileType = wrapper.xcdatamodel; path = "Dan2Doozer 6.xcdatamodel"; sourceTree = "<group>"; };
		A22C5F1D1B9B6CC5001210C1 /* SolutionCustomCell.h */ = {isa = PBXFileReference; fileEncoding = 4; lastKnownFileType = sourcecode.c.h; path = SolutionCustomCell.h; sourceTree = "<group>"; };
		A22C5F1E1B9B6CC5001210C1 /* SolutionCustomCell.m */ = {isa = PBXFileReference; fileEncoding = 4; lastKnownFileType = sourcecode.c.objc; path = SolutionCustomCell.m; sourceTree = "<group>"; };
		A2301B281AF41A7C00E2267D /* Doozer.app */ = {isa = PBXFileReference; explicitFileType = wrapper.application; includeInIndex = 0; path = Doozer.app; sourceTree = BUILT_PRODUCTS_DIR; };
		A2301B2C1AF41A7C00E2267D /* Info.plist */ = {isa = PBXFileReference; lastKnownFileType = text.plist.xml; path = Info.plist; sourceTree = "<group>"; };
		A2301B2D1AF41A7C00E2267D /* main.m */ = {isa = PBXFileReference; lastKnownFileType = sourcecode.c.objc; path = main.m; sourceTree = "<group>"; };
		A2301B2F1AF41A7C00E2267D /* AppDelegate.h */ = {isa = PBXFileReference; lastKnownFileType = sourcecode.c.h; path = AppDelegate.h; sourceTree = "<group>"; };
		A2301B301AF41A7C00E2267D /* AppDelegate.m */ = {isa = PBXFileReference; lastKnownFileType = sourcecode.c.objc; path = AppDelegate.m; sourceTree = "<group>"; };
		A2301B331AF41A7C00E2267D /* Dan2Doozer.xcdatamodel */ = {isa = PBXFileReference; lastKnownFileType = wrapper.xcdatamodel; path = Dan2Doozer.xcdatamodel; sourceTree = "<group>"; };
		A2301B351AF41A7C00E2267D /* MasterViewController.h */ = {isa = PBXFileReference; lastKnownFileType = sourcecode.c.h; path = MasterViewController.h; sourceTree = "<group>"; };
		A2301B361AF41A7C00E2267D /* MasterViewController.m */ = {isa = PBXFileReference; lastKnownFileType = sourcecode.c.objc; path = MasterViewController.m; sourceTree = "<group>"; };
		A2301B3C1AF41A7C00E2267D /* Base */ = {isa = PBXFileReference; lastKnownFileType = file.storyboard; name = Base; path = Base.lproj/Main.storyboard; sourceTree = "<group>"; };
		A2301B3E1AF41A7C00E2267D /* Images.xcassets */ = {isa = PBXFileReference; lastKnownFileType = folder.assetcatalog; path = Images.xcassets; sourceTree = "<group>"; };
		A2301B411AF41A7C00E2267D /* Base */ = {isa = PBXFileReference; lastKnownFileType = file.xib; name = Base; path = Base.lproj/LaunchScreen.xib; sourceTree = "<group>"; };
		A2301B471AF41A7C00E2267D /* DoozerTests.xctest */ = {isa = PBXFileReference; explicitFileType = wrapper.cfbundle; includeInIndex = 0; path = DoozerTests.xctest; sourceTree = BUILT_PRODUCTS_DIR; };
		A2301B4C1AF41A7C00E2267D /* Info.plist */ = {isa = PBXFileReference; lastKnownFileType = text.plist.xml; path = Info.plist; sourceTree = "<group>"; };
		A2301B5A1AF43CAE00E2267D /* Item.h */ = {isa = PBXFileReference; fileEncoding = 4; lastKnownFileType = sourcecode.c.h; path = Item.h; sourceTree = "<group>"; };
		A2301B5B1AF43CAE00E2267D /* Item.m */ = {isa = PBXFileReference; fileEncoding = 4; lastKnownFileType = sourcecode.c.objc; path = Item.m; sourceTree = "<group>"; };
		A2301B5D1AF6E04F00E2267D /* LoginViewController.h */ = {isa = PBXFileReference; fileEncoding = 4; lastKnownFileType = sourcecode.c.h; path = LoginViewController.h; sourceTree = "<group>"; };
		A2301B5E1AF6E04F00E2267D /* LoginViewController.m */ = {isa = PBXFileReference; fileEncoding = 4; lastKnownFileType = sourcecode.c.objc; path = LoginViewController.m; sourceTree = "<group>"; };
		A242903F1B45D7C80070662C /* ParentCustomCell.h */ = {isa = PBXFileReference; fileEncoding = 4; lastKnownFileType = sourcecode.c.h; path = ParentCustomCell.h; sourceTree = "<group>"; };
		A24290401B45D7C80070662C /* ParentCustomCell.m */ = {isa = PBXFileReference; fileEncoding = 4; lastKnownFileType = sourcecode.c.objc; path = ParentCustomCell.m; sourceTree = "<group>"; };
		A24290421B45E3260070662C /* ColorHelper.h */ = {isa = PBXFileReference; fileEncoding = 4; lastKnownFileType = sourcecode.c.h; path = ColorHelper.h; sourceTree = "<group>"; };
		A24290431B45E3260070662C /* ColorHelper.m */ = {isa = PBXFileReference; fileEncoding = 4; lastKnownFileType = sourcecode.c.objc; path = ColorHelper.m; sourceTree = "<group>"; };
		A253AD271B4AEF1200D896E1 /* ListCustomCell.h */ = {isa = PBXFileReference; fileEncoding = 4; lastKnownFileType = sourcecode.c.h; path = ListCustomCell.h; sourceTree = "<group>"; };
		A253AD281B4AEF1200D896E1 /* ListCustomCell.m */ = {isa = PBXFileReference; fileEncoding = 4; lastKnownFileType = sourcecode.c.objc; path = ListCustomCell.m; sourceTree = "<group>"; };
		A25619431B55A2C1005D5D29 /* MasterViewControllerTests.m */ = {isa = PBXFileReference; fileEncoding = 4; lastKnownFileType = sourcecode.c.objc; path = MasterViewControllerTests.m; sourceTree = "<group>"; };
		A26174A71B8FD6420004B371 /* Dan2Doozer 2.xcdatamodel */ = {isa = PBXFileReference; lastKnownFileType = wrapper.xcdatamodel; path = "Dan2Doozer 2.xcdatamodel"; sourceTree = "<group>"; };
		A26174A81B8FD8340004B371 /* Dan2Doozer 3.xcdatamodel */ = {isa = PBXFileReference; lastKnownFileType = wrapper.xcdatamodel; path = "Dan2Doozer 3.xcdatamodel"; sourceTree = "<group>"; };
		A26174A91B8FD87C0004B371 /* Dan2Doozer 4.xcdatamodel */ = {isa = PBXFileReference; lastKnownFileType = wrapper.xcdatamodel; path = "Dan2Doozer 4.xcdatamodel"; sourceTree = "<group>"; };
		A26174AA1B8FF4840004B371 /* Dan2Doozer 5.xcdatamodel */ = {isa = PBXFileReference; lastKnownFileType = wrapper.xcdatamodel; path = "Dan2Doozer 5.xcdatamodel"; sourceTree = "<group>"; };
		A27001E81B61C6C800D1B7B3 /* DueItemsViewController.h */ = {isa = PBXFileReference; fileEncoding = 4; lastKnownFileType = sourcecode.c.h; path = DueItemsViewController.h; sourceTree = "<group>"; };
		A27001E91B61C6C800D1B7B3 /* DueItemsViewController.m */ = {isa = PBXFileReference; fileEncoding = 4; lastKnownFileType = sourcecode.c.objc; path = DueItemsViewController.m; sourceTree = "<group>"; };
		A27282961B0D6728002D5BE5 /* libPods-AFNetworking.a */ = {isa = PBXFileReference; lastKnownFileType = archive.ar; name = "libPods-AFNetworking.a"; path = "Pods/../build/Debug-iphoneos/libPods-AFNetworking.a"; sourceTree = "<group>"; };
		A27342491B0EDA4E00C1E219 /* ListViewController.m */ = {isa = PBXFileReference; fileEncoding = 4; lastKnownFileType = sourcecode.c.objc; path = ListViewController.m; sourceTree = "<group>"; };
		A27439021B55F428002E7CA5 /* FBSDKCoreKit.framework */ = {isa = PBXFileReference; lastKnownFileType = wrapper.framework; name = FBSDKCoreKit.framework; path = ../../FacebookSDK/FBSDKCoreKit.framework; sourceTree = "<group>"; };
		A27439041B55F436002E7CA5 /* FBSDKLoginKit.framework */ = {isa = PBXFileReference; lastKnownFileType = wrapper.framework; name = FBSDKLoginKit.framework; path = ../../FacebookSDK/FBSDKLoginKit.framework; sourceTree = "<group>"; };
		A2843E601AF71EF100FE47B6 /* ListViewController.h */ = {isa = PBXFileReference; fileEncoding = 4; lastKnownFileType = sourcecode.c.h; path = ListViewController.h; sourceTree = "<group>"; };
		A29CD7DF1B1ACAF5000FA1B0 /* DoozerSyncManager.h */ = {isa = PBXFileReference; fileEncoding = 4; lastKnownFileType = sourcecode.c.h; path = DoozerSyncManager.h; sourceTree = "<group>"; };
		A29CD7E01B1ACAF5000FA1B0 /* DoozerSyncManager.m */ = {isa = PBXFileReference; fileEncoding = 4; lastKnownFileType = sourcecode.c.objc; path = DoozerSyncManager.m; sourceTree = "<group>"; };
		A29CD7E21B1ACCAC000FA1B0 /* DoozerSettingsManager.h */ = {isa = PBXFileReference; fileEncoding = 4; lastKnownFileType = sourcecode.c.h; path = DoozerSettingsManager.h; sourceTree = "<group>"; };
		A29CD7E31B1ACCAC000FA1B0 /* DoozerSettingsManager.m */ = {isa = PBXFileReference; fileEncoding = 4; lastKnownFileType = sourcecode.c.objc; path = DoozerSettingsManager.m; sourceTree = "<group>"; };
		A29CD7E81B1FFB27000FA1B0 /* GetItemsFromDoozer.h */ = {isa = PBXFileReference; fileEncoding = 4; lastKnownFileType = sourcecode.c.h; path = GetItemsFromDoozer.h; sourceTree = "<group>"; };
		A29CD7E91B1FFB27000FA1B0 /* GetItemsFromDoozer.m */ = {isa = PBXFileReference; fileEncoding = 4; lastKnownFileType = sourcecode.c.objc; path = GetItemsFromDoozer.m; sourceTree = "<group>"; };
		A29CD7F41B211FAB000FA1B0 /* WelcomeViewController.h */ = {isa = PBXFileReference; fileEncoding = 4; lastKnownFileType = sourcecode.c.h; path = WelcomeViewController.h; sourceTree = "<group>"; };
		A29CD7F51B211FAB000FA1B0 /* WelcomeViewController.m */ = {isa = PBXFileReference; fileEncoding = 4; lastKnownFileType = sourcecode.c.objc; path = WelcomeViewController.m; sourceTree = "<group>"; };
		A2AC4D5F1B70492800B3659F /* ItemVC.h */ = {isa = PBXFileReference; fileEncoding = 4; lastKnownFileType = sourcecode.c.h; path = ItemVC.h; sourceTree = "<group>"; };
		A2AC4D601B70492800B3659F /* ItemVC.m */ = {isa = PBXFileReference; fileEncoding = 4; lastKnownFileType = sourcecode.c.objc; path = ItemVC.m; sourceTree = "<group>"; };
		A2C2255B1B1989B1002E5F97 /* CoreDataItemManager.h */ = {isa = PBXFileReference; fileEncoding = 4; lastKnownFileType = sourcecode.c.h; path = CoreDataItemManager.h; sourceTree = "<group>"; };
		A2C2255C1B1989B1002E5F97 /* CoreDataItemManager.m */ = {isa = PBXFileReference; fileEncoding = 4; lastKnownFileType = sourcecode.c.objc; path = CoreDataItemManager.m; sourceTree = "<group>"; };
		A2C2F1EB1B57144800360A25 /* ColorHelperTests.m */ = {isa = PBXFileReference; fileEncoding = 4; lastKnownFileType = sourcecode.c.objc; path = ColorHelperTests.m; sourceTree = "<group>"; };
		A2C2F1F31B588AEB00360A25 /* DoozerUITests.xctest */ = {isa = PBXFileReference; explicitFileType = wrapper.cfbundle; includeInIndex = 0; path = DoozerUITests.xctest; sourceTree = BUILT_PRODUCTS_DIR; };
		A2C2F1F51B588AEB00360A25 /* DoozerUITests.m */ = {isa = PBXFileReference; lastKnownFileType = sourcecode.c.objc; path = DoozerUITests.m; sourceTree = "<group>"; };
		A2C2F1F71B588AEB00360A25 /* Info.plist */ = {isa = PBXFileReference; lastKnownFileType = text.plist.xml; path = Info.plist; sourceTree = "<group>"; };
		A2C9F9D81B78308300EB2DFF /* lelib */ = {isa = PBXFileReference; lastKnownFileType = folder; name = lelib; path = "../../../Downloads/le_ios-master/lelib"; sourceTree = "<group>"; };
		A2C9F9DB1B78333300EB2DFF /* LEBackgroundThread.h */ = {isa = PBXFileReference; fileEncoding = 4; lastKnownFileType = sourcecode.c.h; path = LEBackgroundThread.h; sourceTree = "<group>"; };
		A2C9F9DC1B78333300EB2DFF /* LEBackgroundThread.m */ = {isa = PBXFileReference; fileEncoding = 4; lastKnownFileType = sourcecode.c.objc; path = LEBackgroundThread.m; sourceTree = "<group>"; };
		A2C9F9DD1B78333300EB2DFF /* lecore.h */ = {isa = PBXFileReference; fileEncoding = 4; lastKnownFileType = sourcecode.c.h; path = lecore.h; sourceTree = "<group>"; };
		A2C9F9DE1B78333300EB2DFF /* lecore.m */ = {isa = PBXFileReference; fileEncoding = 4; lastKnownFileType = sourcecode.c.objc; path = lecore.m; sourceTree = "<group>"; };
		A2C9F9DF1B78333300EB2DFF /* lelib-Prefix.pch */ = {isa = PBXFileReference; fileEncoding = 4; lastKnownFileType = sourcecode.c.h; path = "lelib-Prefix.pch"; sourceTree = "<group>"; };
		A2C9F9E01B78333300EB2DFF /* lelib.h */ = {isa = PBXFileReference; fileEncoding = 4; lastKnownFileType = sourcecode.c.h; path = lelib.h; sourceTree = "<group>"; };
		A2C9F9E11B78333300EB2DFF /* LELog.h */ = {isa = PBXFileReference; fileEncoding = 4; lastKnownFileType = sourcecode.c.h; path = LELog.h; sourceTree = "<group>"; };
		A2C9F9E21B78333300EB2DFF /* LELog.m */ = {isa = PBXFileReference; fileEncoding = 4; lastKnownFileType = sourcecode.c.objc; path = LELog.m; sourceTree = "<group>"; };
		A2C9F9E31B78333300EB2DFF /* LeNetworkStatus.h */ = {isa = PBXFileReference; fileEncoding = 4; lastKnownFileType = sourcecode.c.h; path = LeNetworkStatus.h; sourceTree = "<group>"; };
		A2C9F9E41B78333300EB2DFF /* LeNetworkStatus.m */ = {isa = PBXFileReference; fileEncoding = 4; lastKnownFileType = sourcecode.c.objc; path = LeNetworkStatus.m; sourceTree = "<group>"; };
		A2C9F9E51B78333300EB2DFF /* LogFile.h */ = {isa = PBXFileReference; fileEncoding = 4; lastKnownFileType = sourcecode.c.h; path = LogFile.h; sourceTree = "<group>"; };
		A2C9F9E61B78333300EB2DFF /* LogFile.m */ = {isa = PBXFileReference; fileEncoding = 4; lastKnownFileType = sourcecode.c.objc; path = LogFile.m; sourceTree = "<group>"; };
		A2C9F9E71B78333300EB2DFF /* LogFiles.h */ = {isa = PBXFileReference; fileEncoding = 4; lastKnownFileType = sourcecode.c.h; path = LogFiles.h; sourceTree = "<group>"; };
		A2C9F9E81B78333300EB2DFF /* LogFiles.m */ = {isa = PBXFileReference; fileEncoding = 4; lastKnownFileType = sourcecode.c.objc; path = LogFiles.m; sourceTree = "<group>"; };
		A2FB55381B2F851700D19660 /* AddItemsToServer.h */ = {isa = PBXFileReference; fileEncoding = 4; lastKnownFileType = sourcecode.c.h; path = AddItemsToServer.h; sourceTree = "<group>"; };
		A2FB55391B2F851700D19660 /* AddItemsToServer.m */ = {isa = PBXFileReference; fileEncoding = 4; lastKnownFileType = sourcecode.c.objc; path = AddItemsToServer.m; sourceTree = "<group>"; };
		A2FB553B1B2FC02700D19660 /* UpdateItemsOnServer.h */ = {isa = PBXFileReference; fileEncoding = 4; lastKnownFileType = sourcecode.c.h; path = UpdateItemsOnServer.h; sourceTree = "<group>"; };
		A2FB553C1B2FC02700D19660 /* UpdateItemsOnServer.m */ = {isa = PBXFileReference; fileEncoding = 4; lastKnownFileType = sourcecode.c.objc; path = UpdateItemsOnServer.m; sourceTree = "<group>"; };
		A2FB553E1B2FC44B00D19660 /* DeleteItemFromServer.h */ = {isa = PBXFileReference; fileEncoding = 4; lastKnownFileType = sourcecode.c.h; path = DeleteItemFromServer.h; sourceTree = "<group>"; };
		A2FB553F1B2FC44B00D19660 /* DeleteItemFromServer.m */ = {isa = PBXFileReference; fileEncoding = 4; lastKnownFileType = sourcecode.c.objc; path = DeleteItemFromServer.m; sourceTree = "<group>"; };
/* End PBXFileReference section */

/* Begin PBXFrameworksBuildPhase section */
		A2190CF51B7E9B9000267578 /* Frameworks */ = {
			isa = PBXFrameworksBuildPhase;
			buildActionMask = 2147483647;
			files = (
			);
			runOnlyForDeploymentPostprocessing = 0;
		};
		A2301B251AF41A7C00E2267D /* Frameworks */ = {
			isa = PBXFrameworksBuildPhase;
			buildActionMask = 2147483647;
			files = (
				A27439051B55F436002E7CA5 /* FBSDKLoginKit.framework in Frameworks */,
				A27439031B55F428002E7CA5 /* FBSDKCoreKit.framework in Frameworks */,
				A27282971B0D6728002D5BE5 /* libPods-AFNetworking.a in Frameworks */,
				44E46C46C83E9BD0B2F3592A /* libPods.a in Frameworks */,
			);
			runOnlyForDeploymentPostprocessing = 0;
		};
		A2301B441AF41A7C00E2267D /* Frameworks */ = {
			isa = PBXFrameworksBuildPhase;
			buildActionMask = 2147483647;
			files = (
			);
			runOnlyForDeploymentPostprocessing = 0;
		};
		A2C2F1F01B588AEB00360A25 /* Frameworks */ = {
			isa = PBXFrameworksBuildPhase;
			buildActionMask = 2147483647;
			files = (
			);
			runOnlyForDeploymentPostprocessing = 0;
		};
/* End PBXFrameworksBuildPhase section */

/* Begin PBXGroup section */
		43A827BFC5215AAE9D57429C /* Pods */ = {
			isa = PBXGroup;
			children = (
				73D3B277CF7E6B25D1CB8C06 /* Pods.debug.xcconfig */,
				7FB8AABDC09CD33586506854 /* Pods.release.xcconfig */,
			);
			name = Pods;
			sourceTree = "<group>";
		};
		43E9D580928C3349D37B4FA4 /* Frameworks */ = {
			isa = PBXGroup;
			children = (
				A2C9F9D81B78308300EB2DFF /* lelib */,
				A27439041B55F436002E7CA5 /* FBSDKLoginKit.framework */,
				A27439021B55F428002E7CA5 /* FBSDKCoreKit.framework */,
				A27282961B0D6728002D5BE5 /* libPods-AFNetworking.a */,
				808A8A0F4B6CF0A061F79A27 /* libPods.a */,
			);
			name = Frameworks;
			sourceTree = "<group>";
		};
		A2301B1F1AF41A7C00E2267D = {
			isa = PBXGroup;
			children = (
				A2C9F9DA1B78333300EB2DFF /* lelib */,
				A2301B2A1AF41A7C00E2267D /* Dan2Doozer */,
				A2301B4A1AF41A7C00E2267D /* Dan2DoozerTests */,
				A2C2F1F41B588AEB00360A25 /* DoozerUITests */,
				A2301B291AF41A7C00E2267D /* Products */,
				43A827BFC5215AAE9D57429C /* Pods */,
				43E9D580928C3349D37B4FA4 /* Frameworks */,
			);
			sourceTree = "<group>";
		};
		A2301B291AF41A7C00E2267D /* Products */ = {
			isa = PBXGroup;
			children = (
				A2301B281AF41A7C00E2267D /* Doozer.app */,
				A2301B471AF41A7C00E2267D /* DoozerTests.xctest */,
				A2C2F1F31B588AEB00360A25 /* DoozerUITests.xctest */,
				A2190CF81B7E9B9000267578 /* DoozerUITestsUpdated.xctest */,
			);
			name = Products;
			sourceTree = "<group>";
		};
		A2301B2A1AF41A7C00E2267D /* Dan2Doozer */ = {
			isa = PBXGroup;
			children = (
				A2301B2F1AF41A7C00E2267D /* AppDelegate.h */,
				A2301B301AF41A7C00E2267D /* AppDelegate.m */,
				A29CD7ED1B2007D7000FA1B0 /* ItemManagement */,
				A29CD7EB1B200772000FA1B0 /* ServerCommunications */,
				A29CD7EC1B2007A3000FA1B0 /* ViewControllers */,
				A253AD2A1B4AEF2C00D896E1 /* CustomCells */,
				A2301B3B1AF41A7C00E2267D /* Main.storyboard */,
				A2301B3E1AF41A7C00E2267D /* Images.xcassets */,
				A2301B401AF41A7C00E2267D /* LaunchScreen.xib */,
				A2301B321AF41A7C00E2267D /* Dan2Doozer.xcdatamodeld */,
				A2301B2B1AF41A7C00E2267D /* Supporting Files */,
			);
			path = Dan2Doozer;
			sourceTree = "<group>";
		};
		A2301B2B1AF41A7C00E2267D /* Supporting Files */ = {
			isa = PBXGroup;
			children = (
				A2301B2C1AF41A7C00E2267D /* Info.plist */,
				A21658311B800B1700D5900C /* Constants.h */,
				A2301B2D1AF41A7C00E2267D /* main.m */,
			);
			name = "Supporting Files";
			sourceTree = "<group>";
		};
		A2301B4A1AF41A7C00E2267D /* Dan2DoozerTests */ = {
			isa = PBXGroup;
			children = (
				A25619431B55A2C1005D5D29 /* MasterViewControllerTests.m */,
				A2C2F1EB1B57144800360A25 /* ColorHelperTests.m */,
				A2301B4B1AF41A7C00E2267D /* Supporting Files */,
			);
			path = Dan2DoozerTests;
			sourceTree = "<group>";
		};
		A2301B4B1AF41A7C00E2267D /* Supporting Files */ = {
			isa = PBXGroup;
			children = (
				A2301B4C1AF41A7C00E2267D /* Info.plist */,
			);
			name = "Supporting Files";
			sourceTree = "<group>";
		};
		A253AD2A1B4AEF2C00D896E1 /* CustomCells */ = {
			isa = PBXGroup;
			children = (
				A242903F1B45D7C80070662C /* ParentCustomCell.h */,
				A24290401B45D7C80070662C /* ParentCustomCell.m */,
				A253AD271B4AEF1200D896E1 /* ListCustomCell.h */,
				A253AD281B4AEF1200D896E1 /* ListCustomCell.m */,
				A22C5F1D1B9B6CC5001210C1 /* SolutionCustomCell.h */,
				A22C5F1E1B9B6CC5001210C1 /* SolutionCustomCell.m */,
				A20D8A071BB0D56B00B4262A /* ItemCustomCell.h */,
				A20D8A081BB0D56B00B4262A /* ItemCustomCell.m */,
			);
			name = CustomCells;
			sourceTree = "<group>";
		};
		A29CD7EB1B200772000FA1B0 /* ServerCommunications */ = {
			isa = PBXGroup;
			children = (
				A29CD7DF1B1ACAF5000FA1B0 /* DoozerSyncManager.h */,
				A29CD7E01B1ACAF5000FA1B0 /* DoozerSyncManager.m */,
				A2FB55381B2F851700D19660 /* AddItemsToServer.h */,
				A2FB55391B2F851700D19660 /* AddItemsToServer.m */,
				A2FB553B1B2FC02700D19660 /* UpdateItemsOnServer.h */,
				A2FB553C1B2FC02700D19660 /* UpdateItemsOnServer.m */,
				A2FB553E1B2FC44B00D19660 /* DeleteItemFromServer.h */,
				A2FB553F1B2FC44B00D19660 /* DeleteItemFromServer.m */,
				A29CD7E81B1FFB27000FA1B0 /* GetItemsFromDoozer.h */,
				A29CD7E91B1FFB27000FA1B0 /* GetItemsFromDoozer.m */,
			);
			name = ServerCommunications;
			sourceTree = "<group>";
		};
		A29CD7EC1B2007A3000FA1B0 /* ViewControllers */ = {
			isa = PBXGroup;
			children = (
				A2301B351AF41A7C00E2267D /* MasterViewController.h */,
				A2301B361AF41A7C00E2267D /* MasterViewController.m */,
				A2843E601AF71EF100FE47B6 /* ListViewController.h */,
				A27342491B0EDA4E00C1E219 /* ListViewController.m */,
				A2AC4D5F1B70492800B3659F /* ItemVC.h */,
				A2AC4D601B70492800B3659F /* ItemVC.m */,
				A2301B5D1AF6E04F00E2267D /* LoginViewController.h */,
				A2301B5E1AF6E04F00E2267D /* LoginViewController.m */,
				A29CD7E21B1ACCAC000FA1B0 /* DoozerSettingsManager.h */,
				A29CD7E31B1ACCAC000FA1B0 /* DoozerSettingsManager.m */,
				A29CD7F41B211FAB000FA1B0 /* WelcomeViewController.h */,
				A29CD7F51B211FAB000FA1B0 /* WelcomeViewController.m */,
				A22B7F1E1B5E16740096CEEC /* AddItemViewController.h */,
				A22B7F1F1B5E16740096CEEC /* AddItemViewController.m */,
				A27001E81B61C6C800D1B7B3 /* DueItemsViewController.h */,
				A27001E91B61C6C800D1B7B3 /* DueItemsViewController.m */,
			);
			name = ViewControllers;
			sourceTree = "<group>";
		};
		A29CD7ED1B2007D7000FA1B0 /* ItemManagement */ = {
			isa = PBXGroup;
			children = (
				A2301B5A1AF43CAE00E2267D /* Item.h */,
				A2301B5B1AF43CAE00E2267D /* Item.m */,
				A22C5F191B9A430D001210C1 /* Solution.h */,
				A22C5F1A1B9A430D001210C1 /* Solution.m */,
				A2C2255B1B1989B1002E5F97 /* CoreDataItemManager.h */,
				A2C2255C1B1989B1002E5F97 /* CoreDataItemManager.m */,
				A24290421B45E3260070662C /* ColorHelper.h */,
				A24290431B45E3260070662C /* ColorHelper.m */,
			);
			name = ItemManagement;
			sourceTree = "<group>";
		};
		A2C2F1F41B588AEB00360A25 /* DoozerUITests */ = {
			isa = PBXGroup;
			children = (
				A2C2F1F51B588AEB00360A25 /* DoozerUITests.m */,
				A2C2F1F71B588AEB00360A25 /* Info.plist */,
			);
			path = DoozerUITests;
			sourceTree = "<group>";
		};
		A2C9F9DA1B78333300EB2DFF /* lelib */ = {
			isa = PBXGroup;
			children = (
				A2C9F9DB1B78333300EB2DFF /* LEBackgroundThread.h */,
				A2C9F9DC1B78333300EB2DFF /* LEBackgroundThread.m */,
				A2C9F9DD1B78333300EB2DFF /* lecore.h */,
				A2C9F9DE1B78333300EB2DFF /* lecore.m */,
				A2C9F9DF1B78333300EB2DFF /* lelib-Prefix.pch */,
				A2C9F9E01B78333300EB2DFF /* lelib.h */,
				A2C9F9E11B78333300EB2DFF /* LELog.h */,
				A2C9F9E21B78333300EB2DFF /* LELog.m */,
				A2C9F9E31B78333300EB2DFF /* LeNetworkStatus.h */,
				A2C9F9E41B78333300EB2DFF /* LeNetworkStatus.m */,
				A2C9F9E51B78333300EB2DFF /* LogFile.h */,
				A2C9F9E61B78333300EB2DFF /* LogFile.m */,
				A2C9F9E71B78333300EB2DFF /* LogFiles.h */,
				A2C9F9E81B78333300EB2DFF /* LogFiles.m */,
			);
			path = lelib;
			sourceTree = "<group>";
		};
/* End PBXGroup section */

/* Begin PBXNativeTarget section */
		A2190CF71B7E9B9000267578 /* DoozerUITestsUpdated */ = {
			isa = PBXNativeTarget;
			buildConfigurationList = A2190D011B7E9B9000267578 /* Build configuration list for PBXNativeTarget "DoozerUITestsUpdated" */;
			buildPhases = (
				A2190CF41B7E9B9000267578 /* Sources */,
				A2190CF51B7E9B9000267578 /* Frameworks */,
				A2190CF61B7E9B9000267578 /* Resources */,
			);
			buildRules = (
			);
			dependencies = (
				A2190CFE1B7E9B9000267578 /* PBXTargetDependency */,
			);
			name = DoozerUITestsUpdated;
			productName = DoozerUITestsUpdated;
			productReference = A2190CF81B7E9B9000267578 /* DoozerUITestsUpdated.xctest */;
			productType = "com.apple.product-type.bundle.ui-testing";
		};
		A2301B271AF41A7C00E2267D /* Doozer */ = {
			isa = PBXNativeTarget;
			buildConfigurationList = A2301B511AF41A7C00E2267D /* Build configuration list for PBXNativeTarget "Doozer" */;
			buildPhases = (
				9F44B70D8E01F114117C8198 /* Check Pods Manifest.lock */,
				A2301B241AF41A7C00E2267D /* Sources */,
				A2301B251AF41A7C00E2267D /* Frameworks */,
				A2301B261AF41A7C00E2267D /* Resources */,
				C5C9BF98E677463B90305B93 /* Copy Pods Resources */,
			);
			buildRules = (
			);
			dependencies = (
			);
			name = Doozer;
			productName = Dan2Doozer;
			productReference = A2301B281AF41A7C00E2267D /* Doozer.app */;
			productType = "com.apple.product-type.application";
		};
		A2301B461AF41A7C00E2267D /* DoozerTests */ = {
			isa = PBXNativeTarget;
			buildConfigurationList = A2301B541AF41A7C00E2267D /* Build configuration list for PBXNativeTarget "DoozerTests" */;
			buildPhases = (
				A2301B431AF41A7C00E2267D /* Sources */,
				A2301B441AF41A7C00E2267D /* Frameworks */,
				A2301B451AF41A7C00E2267D /* Resources */,
			);
			buildRules = (
			);
			dependencies = (
				A2301B491AF41A7C00E2267D /* PBXTargetDependency */,
			);
			name = DoozerTests;
			productName = Dan2DoozerTests;
			productReference = A2301B471AF41A7C00E2267D /* DoozerTests.xctest */;
			productType = "com.apple.product-type.bundle.unit-test";
		};
		A2C2F1F21B588AEB00360A25 /* DoozerUITests */ = {
			isa = PBXNativeTarget;
			buildConfigurationList = A2C2F1FA1B588AEB00360A25 /* Build configuration list for PBXNativeTarget "DoozerUITests" */;
			buildPhases = (
				A2C2F1EF1B588AEB00360A25 /* Sources */,
				A2C2F1F01B588AEB00360A25 /* Frameworks */,
				A2C2F1F11B588AEB00360A25 /* Resources */,
			);
			buildRules = (
			);
			dependencies = (
				A2C2F1F91B588AEB00360A25 /* PBXTargetDependency */,
			);
			name = DoozerUITests;
			productName = DoozerUITests;
			productReference = A2C2F1F31B588AEB00360A25 /* DoozerUITests.xctest */;
			productType = "com.apple.product-type.bundle.ui-testing";
		};
/* End PBXNativeTarget section */

/* Begin PBXProject section */
		A2301B201AF41A7C00E2267D /* Project object */ = {
			isa = PBXProject;
			attributes = {
				LastUpgradeCheck = 0700;
				ORGANIZATIONNAME = "Daniel Apone";
				TargetAttributes = {
					A2190CF71B7E9B9000267578 = {
						CreatedOnToolsVersion = 7.0;
						TestTargetID = A2301B271AF41A7C00E2267D;
					};
					A2301B271AF41A7C00E2267D = {
						CreatedOnToolsVersion = 6.3.1;
						DevelopmentTeam = J7HXU6U6X7;
						SystemCapabilities = {
							com.apple.Push = {
								enabled = 1;
							};
						};
					};
					A2301B461AF41A7C00E2267D = {
						CreatedOnToolsVersion = 6.3.1;
						TestTargetID = A2301B271AF41A7C00E2267D;
					};
					A2C2F1F21B588AEB00360A25 = {
						CreatedOnToolsVersion = 7.0;
						TestTargetID = A2301B271AF41A7C00E2267D;
					};
				};
			};
			buildConfigurationList = A2301B231AF41A7C00E2267D /* Build configuration list for PBXProject "Doozer" */;
			compatibilityVersion = "Xcode 3.2";
			developmentRegion = English;
			hasScannedForEncodings = 0;
			knownRegions = (
				en,
				Base,
			);
			mainGroup = A2301B1F1AF41A7C00E2267D;
			productRefGroup = A2301B291AF41A7C00E2267D /* Products */;
			projectDirPath = "";
			projectRoot = "";
			targets = (
				A2301B271AF41A7C00E2267D /* Doozer */,
				A2301B461AF41A7C00E2267D /* DoozerTests */,
				A2C2F1F21B588AEB00360A25 /* DoozerUITests */,
				A2190CF71B7E9B9000267578 /* DoozerUITestsUpdated */,
			);
		};
/* End PBXProject section */

/* Begin PBXResourcesBuildPhase section */
		A2190CF61B7E9B9000267578 /* Resources */ = {
			isa = PBXResourcesBuildPhase;
			buildActionMask = 2147483647;
			files = (
			);
			runOnlyForDeploymentPostprocessing = 0;
		};
		A2301B261AF41A7C00E2267D /* Resources */ = {
			isa = PBXResourcesBuildPhase;
			buildActionMask = 2147483647;
			files = (
				A2301B3D1AF41A7C00E2267D /* Main.storyboard in Resources */,
				A2301B421AF41A7C00E2267D /* LaunchScreen.xib in Resources */,
				A2301B3F1AF41A7C00E2267D /* Images.xcassets in Resources */,
			);
			runOnlyForDeploymentPostprocessing = 0;
		};
		A2301B451AF41A7C00E2267D /* Resources */ = {
			isa = PBXResourcesBuildPhase;
			buildActionMask = 2147483647;
			files = (
			);
			runOnlyForDeploymentPostprocessing = 0;
		};
		A2C2F1F11B588AEB00360A25 /* Resources */ = {
			isa = PBXResourcesBuildPhase;
			buildActionMask = 2147483647;
			files = (
			);
			runOnlyForDeploymentPostprocessing = 0;
		};
/* End PBXResourcesBuildPhase section */

/* Begin PBXShellScriptBuildPhase section */
		9F44B70D8E01F114117C8198 /* Check Pods Manifest.lock */ = {
			isa = PBXShellScriptBuildPhase;
			buildActionMask = 2147483647;
			files = (
			);
			inputPaths = (
			);
			name = "Check Pods Manifest.lock";
			outputPaths = (
			);
			runOnlyForDeploymentPostprocessing = 0;
			shellPath = /bin/sh;
			shellScript = "diff \"${PODS_ROOT}/../Podfile.lock\" \"${PODS_ROOT}/Manifest.lock\" > /dev/null\nif [[ $? != 0 ]] ; then\n    cat << EOM\nerror: The sandbox is not in sync with the Podfile.lock. Run 'pod install' or update your CocoaPods installation.\nEOM\n    exit 1\nfi\n";
			showEnvVarsInLog = 0;
		};
		C5C9BF98E677463B90305B93 /* Copy Pods Resources */ = {
			isa = PBXShellScriptBuildPhase;
			buildActionMask = 2147483647;
			files = (
			);
			inputPaths = (
			);
			name = "Copy Pods Resources";
			outputPaths = (
			);
			runOnlyForDeploymentPostprocessing = 0;
			shellPath = /bin/sh;
			shellScript = "\"${SRCROOT}/Pods/Target Support Files/Pods/Pods-resources.sh\"\n";
			showEnvVarsInLog = 0;
		};
/* End PBXShellScriptBuildPhase section */

/* Begin PBXSourcesBuildPhase section */
		A2190CF41B7E9B9000267578 /* Sources */ = {
			isa = PBXSourcesBuildPhase;
			buildActionMask = 2147483647;
			files = (
			);
			runOnlyForDeploymentPostprocessing = 0;
		};
		A2301B241AF41A7C00E2267D /* Sources */ = {
			isa = PBXSourcesBuildPhase;
			buildActionMask = 2147483647;
			files = (
				A2301B5C1AF43CAE00E2267D /* Item.m in Sources */,
				A24290441B45E3260070662C /* ColorHelper.m in Sources */,
				A29CD7E41B1ACCAC000FA1B0 /* DoozerSettingsManager.m in Sources */,
				A2FB553A1B2F851700D19660 /* AddItemsToServer.m in Sources */,
				A273424A1B0EDA4E00C1E219 /* ListViewController.m in Sources */,
				A24290411B45D7C80070662C /* ParentCustomCell.m in Sources */,
				A2C9F9ED1B78333300EB2DFF /* LogFile.m in Sources */,
				A29CD7F61B211FAB000FA1B0 /* WelcomeViewController.m in Sources */,
				A2C9F9EA1B78333300EB2DFF /* lecore.m in Sources */,
				A29CD7EA1B1FFB27000FA1B0 /* GetItemsFromDoozer.m in Sources */,
				A2C9F9EC1B78333300EB2DFF /* LeNetworkStatus.m in Sources */,
				A20D8A091BB0D56B00B4262A /* ItemCustomCell.m in Sources */,
				A253AD291B4AEF1200D896E1 /* ListCustomCell.m in Sources */,
				A2301B371AF41A7C00E2267D /* MasterViewController.m in Sources */,
				A2FB553D1B2FC02700D19660 /* UpdateItemsOnServer.m in Sources */,
				A2C9F9EE1B78333300EB2DFF /* LogFiles.m in Sources */,
				A2301B341AF41A7C00E2267D /* Dan2Doozer.xcdatamodeld in Sources */,
				A2C9F9E91B78333300EB2DFF /* LEBackgroundThread.m in Sources */,
				A22B7F201B5E16740096CEEC /* AddItemViewController.m in Sources */,
				A27001EA1B61C6C800D1B7B3 /* DueItemsViewController.m in Sources */,
				A2301B5F1AF6E04F00E2267D /* LoginViewController.m in Sources */,
				A2301B311AF41A7C00E2267D /* AppDelegate.m in Sources */,
				A2C2255D1B1989B1002E5F97 /* CoreDataItemManager.m in Sources */,
				A2301B2E1AF41A7C00E2267D /* main.m in Sources */,
				A22C5F1F1B9B6CC5001210C1 /* SolutionCustomCell.m in Sources */,
				A2FB55401B2FC44B00D19660 /* DeleteItemFromServer.m in Sources */,
				A2C9F9EB1B78333300EB2DFF /* LELog.m in Sources */,
				A29CD7E11B1ACAF5000FA1B0 /* DoozerSyncManager.m in Sources */,
				A22C5F1B1B9A430D001210C1 /* Solution.m in Sources */,
				A2AC4D611B70492800B3659F /* ItemVC.m in Sources */,
			);
			runOnlyForDeploymentPostprocessing = 0;
		};
		A2301B431AF41A7C00E2267D /* Sources */ = {
			isa = PBXSourcesBuildPhase;
			buildActionMask = 2147483647;
			files = (
				A25619441B55A2C1005D5D29 /* MasterViewControllerTests.m in Sources */,
				A2C2F1EC1B57144800360A25 /* ColorHelperTests.m in Sources */,
			);
			runOnlyForDeploymentPostprocessing = 0;
		};
		A2C2F1EF1B588AEB00360A25 /* Sources */ = {
			isa = PBXSourcesBuildPhase;
			buildActionMask = 2147483647;
			files = (
				A2C2F1F61B588AEB00360A25 /* DoozerUITests.m in Sources */,
			);
			runOnlyForDeploymentPostprocessing = 0;
		};
/* End PBXSourcesBuildPhase section */

/* Begin PBXTargetDependency section */
		A2190CFE1B7E9B9000267578 /* PBXTargetDependency */ = {
			isa = PBXTargetDependency;
			target = A2301B271AF41A7C00E2267D /* Doozer */;
			targetProxy = A2190CFD1B7E9B9000267578 /* PBXContainerItemProxy */;
		};
		A2301B491AF41A7C00E2267D /* PBXTargetDependency */ = {
			isa = PBXTargetDependency;
			target = A2301B271AF41A7C00E2267D /* Doozer */;
			targetProxy = A2301B481AF41A7C00E2267D /* PBXContainerItemProxy */;
		};
		A2C2F1F91B588AEB00360A25 /* PBXTargetDependency */ = {
			isa = PBXTargetDependency;
			target = A2301B271AF41A7C00E2267D /* Doozer */;
			targetProxy = A2C2F1F81B588AEB00360A25 /* PBXContainerItemProxy */;
		};
/* End PBXTargetDependency section */

/* Begin PBXVariantGroup section */
		A2301B3B1AF41A7C00E2267D /* Main.storyboard */ = {
			isa = PBXVariantGroup;
			children = (
				A2301B3C1AF41A7C00E2267D /* Base */,
			);
			name = Main.storyboard;
			sourceTree = "<group>";
		};
		A2301B401AF41A7C00E2267D /* LaunchScreen.xib */ = {
			isa = PBXVariantGroup;
			children = (
				A2301B411AF41A7C00E2267D /* Base */,
			);
			name = LaunchScreen.xib;
			sourceTree = "<group>";
		};
/* End PBXVariantGroup section */

/* Begin XCBuildConfiguration section */
		A20D8A0A1BB2607700B4262A /* Beta */ = {
			isa = XCBuildConfiguration;
			buildSettings = {
				ALWAYS_SEARCH_USER_PATHS = NO;
				CLANG_CXX_LANGUAGE_STANDARD = "gnu++0x";
				CLANG_CXX_LIBRARY = "libc++";
				CLANG_ENABLE_MODULES = YES;
				CLANG_ENABLE_OBJC_ARC = YES;
				CLANG_WARN_BOOL_CONVERSION = YES;
				CLANG_WARN_CONSTANT_CONVERSION = YES;
				CLANG_WARN_DIRECT_OBJC_ISA_USAGE = YES_ERROR;
				CLANG_WARN_EMPTY_BODY = YES;
				CLANG_WARN_ENUM_CONVERSION = YES;
				CLANG_WARN_INT_CONVERSION = YES;
				CLANG_WARN_OBJC_ROOT_CLASS = YES_ERROR;
				CLANG_WARN_UNREACHABLE_CODE = YES;
				CLANG_WARN__DUPLICATE_METHOD_MATCH = YES;
				CODE_SIGN_IDENTITY = "iPhone Developer";
				"CODE_SIGN_IDENTITY[sdk=iphoneos*]" = "iPhone Developer";
				COPY_PHASE_STRIP = NO;
				DEBUG_INFORMATION_FORMAT = "dwarf-with-dsym";
				ENABLE_NS_ASSERTIONS = NO;
				ENABLE_STRICT_OBJC_MSGSEND = YES;
				GCC_C_LANGUAGE_STANDARD = gnu99;
				GCC_NO_COMMON_BLOCKS = YES;
				GCC_PREPROCESSOR_DEFINITIONS = "";
				GCC_WARN_64_TO_32_BIT_CONVERSION = YES;
				GCC_WARN_ABOUT_RETURN_TYPE = YES_ERROR;
				GCC_WARN_UNDECLARED_SELECTOR = YES;
				GCC_WARN_UNINITIALIZED_AUTOS = YES_AGGRESSIVE;
				GCC_WARN_UNUSED_FUNCTION = YES;
				GCC_WARN_UNUSED_VARIABLE = YES;
				IPHONEOS_DEPLOYMENT_TARGET = 8.3;
				MTL_ENABLE_DEBUG_INFO = NO;
				SDKROOT = iphoneos;
				TARGETED_DEVICE_FAMILY = "1,2";
				VALIDATE_PRODUCT = YES;
			};
			name = Beta;
		};
		A20D8A0B1BB2607700B4262A /* Beta */ = {
			isa = XCBuildConfiguration;
			baseConfigurationReference = 7FB8AABDC09CD33586506854 /* Pods.release.xcconfig */;
			buildSettings = {
				ASSETCATALOG_COMPILER_APPICON_NAME = AppIcon;
				BUNDLE_DISPLAY_NAME = "β Doozer";
				BUNDLE_ID = com.doozer.Doozer.BETA;
				CODE_SIGN_IDENTITY = "iPhone Distribution";
				"CODE_SIGN_IDENTITY[sdk=iphoneos*]" = "iPhone Distribution";
				ENABLE_BITCODE = NO;
				ENABLE_TESTABILITY = YES;
				FB_APP_ID = 1637385519866455;
				FRAMEWORK_SEARCH_PATHS = (
					"$(inherited)",
					/Users/danielapone/Documents/FacebookSDK,
				);
				GCC_OPTIMIZATION_LEVEL = 0;
				GCC_PREPROCESSOR_DEFINITIONS = BETA;
				INFOPLIST_FILE = Dan2Doozer/Info.plist;
				IPHONEOS_DEPLOYMENT_TARGET = 8.0;
				LD_RUNPATH_SEARCH_PATHS = "$(inherited) @executable_path/Frameworks";
				LIBRARY_SEARCH_PATHS = "";
				PRODUCT_BUNDLE_IDENTIFIER = com.doozer.Doozer;
				PRODUCT_NAME = Doozer;
				PROVISIONING_PROFILE = "";
				TARGETED_DEVICE_FAMILY = 1;
			};
			name = Beta;
		};
		A20D8A0C1BB2607700B4262A /* Beta */ = {
			isa = XCBuildConfiguration;
			buildSettings = {
				BUNDLE_LOADER = "$(TEST_HOST)";
				FRAMEWORK_SEARCH_PATHS = "";
				INFOPLIST_FILE = Dan2DoozerTests/Info.plist;
				LD_RUNPATH_SEARCH_PATHS = "$(inherited) @executable_path/Frameworks @loader_path/Frameworks";
				PRODUCT_BUNDLE_IDENTIFIER = "becca-corp.$(PRODUCT_NAME:rfc1034identifier)";
				PRODUCT_NAME = DoozerTests;
				TEST_HOST = "$(BUILT_PRODUCTS_DIR)/Doozer.app/Doozer";
			};
			name = Beta;
		};
		A20D8A0D1BB2607700B4262A /* Beta */ = {
			isa = XCBuildConfiguration;
			buildSettings = {
				INFOPLIST_FILE = DoozerUITests/Info.plist;
				IPHONEOS_DEPLOYMENT_TARGET = 8.0;
				LD_RUNPATH_SEARCH_PATHS = "$(inherited) @executable_path/Frameworks @loader_path/Frameworks";
				PRODUCT_BUNDLE_IDENTIFIER = Doozer.DoozerUITests;
				PRODUCT_NAME = "$(TARGET_NAME)";
				PROVISIONING_PROFILE = "";
				TEST_TARGET_NAME = Doozer;
				USES_XCTRUNNER = YES;
			};
			name = Beta;
		};
		A20D8A0E1BB2607700B4262A /* Beta */ = {
			isa = XCBuildConfiguration;
			buildSettings = {
				INFOPLIST_FILE = DoozerUITestsUpdated/Info.plist;
				IPHONEOS_DEPLOYMENT_TARGET = 8.2;
				LD_RUNPATH_SEARCH_PATHS = "$(inherited) @executable_path/Frameworks @loader_path/Frameworks";
				PRODUCT_BUNDLE_IDENTIFIER = Doozer.DoozerUITestsUpdated;
				PRODUCT_NAME = "$(TARGET_NAME)";
				TEST_TARGET_NAME = Doozer;
				USES_XCTRUNNER = YES;
			};
			name = Beta;
		};
		A2190CFF1B7E9B9000267578 /* Debug */ = {
			isa = XCBuildConfiguration;
			buildSettings = {
				DEBUG_INFORMATION_FORMAT = dwarf;
				INFOPLIST_FILE = DoozerUITestsUpdated/Info.plist;
				IPHONEOS_DEPLOYMENT_TARGET = 8.2;
				LD_RUNPATH_SEARCH_PATHS = "$(inherited) @executable_path/Frameworks @loader_path/Frameworks";
				PRODUCT_BUNDLE_IDENTIFIER = Doozer.DoozerUITestsUpdated;
				PRODUCT_NAME = "$(TARGET_NAME)";
				TEST_TARGET_NAME = Doozer;
				USES_XCTRUNNER = YES;
			};
			name = Debug;
		};
		A2190D001B7E9B9000267578 /* Release */ = {
			isa = XCBuildConfiguration;
			buildSettings = {
				INFOPLIST_FILE = DoozerUITestsUpdated/Info.plist;
				IPHONEOS_DEPLOYMENT_TARGET = 8.2;
				LD_RUNPATH_SEARCH_PATHS = "$(inherited) @executable_path/Frameworks @loader_path/Frameworks";
				PRODUCT_BUNDLE_IDENTIFIER = Doozer.DoozerUITestsUpdated;
				PRODUCT_NAME = "$(TARGET_NAME)";
				TEST_TARGET_NAME = Doozer;
				USES_XCTRUNNER = YES;
			};
			name = Release;
		};
		A2301B4F1AF41A7C00E2267D /* Debug */ = {
			isa = XCBuildConfiguration;
			buildSettings = {
				ALWAYS_SEARCH_USER_PATHS = NO;
				CLANG_CXX_LANGUAGE_STANDARD = "gnu++0x";
				CLANG_CXX_LIBRARY = "libc++";
				CLANG_ENABLE_MODULES = YES;
				CLANG_ENABLE_OBJC_ARC = YES;
				CLANG_WARN_BOOL_CONVERSION = YES;
				CLANG_WARN_CONSTANT_CONVERSION = YES;
				CLANG_WARN_DIRECT_OBJC_ISA_USAGE = YES_ERROR;
				CLANG_WARN_EMPTY_BODY = YES;
				CLANG_WARN_ENUM_CONVERSION = YES;
				CLANG_WARN_INT_CONVERSION = YES;
				CLANG_WARN_OBJC_ROOT_CLASS = YES_ERROR;
				CLANG_WARN_UNREACHABLE_CODE = YES;
				CLANG_WARN__DUPLICATE_METHOD_MATCH = YES;
				CODE_SIGN_IDENTITY = "iPhone Developer";
				"CODE_SIGN_IDENTITY[sdk=iphoneos*]" = "iPhone Developer";
				COPY_PHASE_STRIP = NO;
				DEBUG_INFORMATION_FORMAT = "dwarf-with-dsym";
				ENABLE_STRICT_OBJC_MSGSEND = YES;
				ENABLE_TESTABILITY = YES;
				GCC_C_LANGUAGE_STANDARD = gnu99;
				GCC_DYNAMIC_NO_PIC = NO;
				GCC_NO_COMMON_BLOCKS = YES;
				GCC_OPTIMIZATION_LEVEL = 0;
				GCC_PREPROCESSOR_DEFINITIONS = "";
				GCC_SYMBOLS_PRIVATE_EXTERN = NO;
				GCC_WARN_64_TO_32_BIT_CONVERSION = YES;
				GCC_WARN_ABOUT_RETURN_TYPE = YES_ERROR;
				GCC_WARN_UNDECLARED_SELECTOR = YES;
				GCC_WARN_UNINITIALIZED_AUTOS = YES_AGGRESSIVE;
				GCC_WARN_UNUSED_FUNCTION = YES;
				GCC_WARN_UNUSED_VARIABLE = YES;
				IPHONEOS_DEPLOYMENT_TARGET = 8.3;
				MTL_ENABLE_DEBUG_INFO = YES;
				ONLY_ACTIVE_ARCH = YES;
				SDKROOT = iphoneos;
				TARGETED_DEVICE_FAMILY = "1,2";
			};
			name = Debug;
		};
		A2301B501AF41A7C00E2267D /* Release */ = {
			isa = XCBuildConfiguration;
			buildSettings = {
				ALWAYS_SEARCH_USER_PATHS = NO;
				CLANG_CXX_LANGUAGE_STANDARD = "gnu++0x";
				CLANG_CXX_LIBRARY = "libc++";
				CLANG_ENABLE_MODULES = YES;
				CLANG_ENABLE_OBJC_ARC = YES;
				CLANG_WARN_BOOL_CONVERSION = YES;
				CLANG_WARN_CONSTANT_CONVERSION = YES;
				CLANG_WARN_DIRECT_OBJC_ISA_USAGE = YES_ERROR;
				CLANG_WARN_EMPTY_BODY = YES;
				CLANG_WARN_ENUM_CONVERSION = YES;
				CLANG_WARN_INT_CONVERSION = YES;
				CLANG_WARN_OBJC_ROOT_CLASS = YES_ERROR;
				CLANG_WARN_UNREACHABLE_CODE = YES;
				CLANG_WARN__DUPLICATE_METHOD_MATCH = YES;
				CODE_SIGN_IDENTITY = "iPhone Developer";
				"CODE_SIGN_IDENTITY[sdk=iphoneos*]" = "iPhone Developer";
				COPY_PHASE_STRIP = NO;
				DEBUG_INFORMATION_FORMAT = "dwarf-with-dsym";
				ENABLE_NS_ASSERTIONS = NO;
				ENABLE_STRICT_OBJC_MSGSEND = YES;
				GCC_C_LANGUAGE_STANDARD = gnu99;
				GCC_NO_COMMON_BLOCKS = YES;
				GCC_PREPROCESSOR_DEFINITIONS = "";
				GCC_WARN_64_TO_32_BIT_CONVERSION = YES;
				GCC_WARN_ABOUT_RETURN_TYPE = YES_ERROR;
				GCC_WARN_UNDECLARED_SELECTOR = YES;
				GCC_WARN_UNINITIALIZED_AUTOS = YES_AGGRESSIVE;
				GCC_WARN_UNUSED_FUNCTION = YES;
				GCC_WARN_UNUSED_VARIABLE = YES;
				IPHONEOS_DEPLOYMENT_TARGET = 8.3;
				MTL_ENABLE_DEBUG_INFO = NO;
				SDKROOT = iphoneos;
				TARGETED_DEVICE_FAMILY = "1,2";
				VALIDATE_PRODUCT = YES;
			};
			name = Release;
		};
		A2301B521AF41A7C00E2267D /* Debug */ = {
			isa = XCBuildConfiguration;
			baseConfigurationReference = 73D3B277CF7E6B25D1CB8C06 /* Pods.debug.xcconfig */;
			buildSettings = {
				ASSETCATALOG_COMPILER_APPICON_NAME = AppIcon;
				BUNDLE_DISPLAY_NAME = "Δ Doozer";
				BUNDLE_ID = com.doozer.Doozer.DEBUG;
				CODE_SIGN_IDENTITY = "iPhone Developer";
				"CODE_SIGN_IDENTITY[sdk=iphoneos*]" = "iPhone Developer";
				ENABLE_BITCODE = NO;
				ENABLE_NS_ASSERTIONS = YES;
				ENABLE_TESTABILITY = YES;
				FB_APP_ID = 1637385749866432;
				FRAMEWORK_SEARCH_PATHS = (
					"$(inherited)",
					/Users/danielapone/Documents/FacebookSDK,
				);
				GCC_PREPROCESSOR_DEFINITIONS = DEBUG;
				INFOPLIST_FILE = Dan2Doozer/Info.plist;
				IPHONEOS_DEPLOYMENT_TARGET = 8.0;
				LD_RUNPATH_SEARCH_PATHS = "$(inherited) @executable_path/Frameworks";
				LIBRARY_SEARCH_PATHS = "";
				MTL_ENABLE_DEBUG_INFO = YES;
				PRODUCT_BUNDLE_IDENTIFIER = com.doozer.Doozer;
				PRODUCT_NAME = Doozer;
				PROVISIONING_PROFILE = "";
				TARGETED_DEVICE_FAMILY = 1;
			};
			name = Debug;
		};
		A2301B531AF41A7C00E2267D /* Release */ = {
			isa = XCBuildConfiguration;
			baseConfigurationReference = 7FB8AABDC09CD33586506854 /* Pods.release.xcconfig */;
			buildSettings = {
				ASSETCATALOG_COMPILER_APPICON_NAME = AppIcon;
				BUNDLE_DISPLAY_NAME = Doozer;
				BUNDLE_ID = com.doozer.Doozer;
				CODE_SIGN_IDENTITY = "iPhone Distribution";
				"CODE_SIGN_IDENTITY[sdk=iphoneos*]" = "iPhone Distribution";
				ENABLE_BITCODE = NO;
				ENABLE_TESTABILITY = YES;
				FB_APP_ID = 1474823829455959;
				FRAMEWORK_SEARCH_PATHS = (
					"$(inherited)",
					/Users/danielapone/Documents/FacebookSDK,
				);
				GCC_OPTIMIZATION_LEVEL = 0;
				GCC_PREPROCESSOR_DEFINITIONS = RELEASE;
				INFOPLIST_FILE = Dan2Doozer/Info.plist;
				IPHONEOS_DEPLOYMENT_TARGET = 8.0;
				LD_RUNPATH_SEARCH_PATHS = "$(inherited) @executable_path/Frameworks";
				LIBRARY_SEARCH_PATHS = "";
				PRODUCT_BUNDLE_IDENTIFIER = com.doozer.Doozer;
				PRODUCT_NAME = Doozer;
				PROVISIONING_PROFILE = "";
				TARGETED_DEVICE_FAMILY = 1;
			};
			name = Release;
		};
		A2301B551AF41A7C00E2267D /* Debug */ = {
			isa = XCBuildConfiguration;
			buildSettings = {
				BUNDLE_LOADER = "$(TEST_HOST)";
				FRAMEWORK_SEARCH_PATHS = "";
				GCC_PREPROCESSOR_DEFINITIONS = (
					"DEBUG=1",
					"$(inherited)",
				);
				INFOPLIST_FILE = Dan2DoozerTests/Info.plist;
				LD_RUNPATH_SEARCH_PATHS = "$(inherited) @executable_path/Frameworks @loader_path/Frameworks";
				PRODUCT_BUNDLE_IDENTIFIER = "becca-corp.$(PRODUCT_NAME:rfc1034identifier)";
				PRODUCT_NAME = DoozerTests;
				TEST_HOST = "$(BUILT_PRODUCTS_DIR)/Doozer.app/Doozer";
			};
			name = Debug;
		};
		A2301B561AF41A7C00E2267D /* Release */ = {
			isa = XCBuildConfiguration;
			buildSettings = {
				BUNDLE_LOADER = "$(TEST_HOST)";
				FRAMEWORK_SEARCH_PATHS = "";
				INFOPLIST_FILE = Dan2DoozerTests/Info.plist;
				LD_RUNPATH_SEARCH_PATHS = "$(inherited) @executable_path/Frameworks @loader_path/Frameworks";
				PRODUCT_BUNDLE_IDENTIFIER = "becca-corp.$(PRODUCT_NAME:rfc1034identifier)";
				PRODUCT_NAME = DoozerTests;
				TEST_HOST = "$(BUILT_PRODUCTS_DIR)/Doozer.app/Doozer";
			};
			name = Release;
		};
		A2C2F1FB1B588AEB00360A25 /* Debug */ = {
			isa = XCBuildConfiguration;
			buildSettings = {
				DEBUG_INFORMATION_FORMAT = dwarf;
				INFOPLIST_FILE = DoozerUITests/Info.plist;
				IPHONEOS_DEPLOYMENT_TARGET = 8.0;
				LD_RUNPATH_SEARCH_PATHS = "$(inherited) @executable_path/Frameworks @loader_path/Frameworks";
				PRODUCT_BUNDLE_IDENTIFIER = Doozer.DoozerUITests;
				PRODUCT_NAME = "$(TARGET_NAME)";
				PROVISIONING_PROFILE = "";
				TEST_TARGET_NAME = Doozer;
				USES_XCTRUNNER = YES;
			};
			name = Debug;
		};
		A2C2F1FC1B588AEB00360A25 /* Release */ = {
			isa = XCBuildConfiguration;
			buildSettings = {
				INFOPLIST_FILE = DoozerUITests/Info.plist;
				IPHONEOS_DEPLOYMENT_TARGET = 8.0;
				LD_RUNPATH_SEARCH_PATHS = "$(inherited) @executable_path/Frameworks @loader_path/Frameworks";
				PRODUCT_BUNDLE_IDENTIFIER = Doozer.DoozerUITests;
				PRODUCT_NAME = "$(TARGET_NAME)";
				PROVISIONING_PROFILE = "";
				TEST_TARGET_NAME = Doozer;
				USES_XCTRUNNER = YES;
			};
			name = Release;
		};
/* End XCBuildConfiguration section */

/* Begin XCConfigurationList section */
		A2190D011B7E9B9000267578 /* Build configuration list for PBXNativeTarget "DoozerUITestsUpdated" */ = {
			isa = XCConfigurationList;
			buildConfigurations = (
				A2190CFF1B7E9B9000267578 /* Debug */,
				A2190D001B7E9B9000267578 /* Release */,
				A20D8A0E1BB2607700B4262A /* Beta */,
			);
			defaultConfigurationIsVisible = 0;
			defaultConfigurationName = Release;
		};
		A2301B231AF41A7C00E2267D /* Build configuration list for PBXProject "Doozer" */ = {
			isa = XCConfigurationList;
			buildConfigurations = (
				A2301B4F1AF41A7C00E2267D /* Debug */,
				A2301B501AF41A7C00E2267D /* Release */,
				A20D8A0A1BB2607700B4262A /* Beta */,
			);
			defaultConfigurationIsVisible = 0;
			defaultConfigurationName = Release;
		};
		A2301B511AF41A7C00E2267D /* Build configuration list for PBXNativeTarget "Doozer" */ = {
			isa = XCConfigurationList;
			buildConfigurations = (
				A2301B521AF41A7C00E2267D /* Debug */,
				A2301B531AF41A7C00E2267D /* Release */,
				A20D8A0B1BB2607700B4262A /* Beta */,
			);
			defaultConfigurationIsVisible = 0;
			defaultConfigurationName = Release;
		};
		A2301B541AF41A7C00E2267D /* Build configuration list for PBXNativeTarget "DoozerTests" */ = {
			isa = XCConfigurationList;
			buildConfigurations = (
				A2301B551AF41A7C00E2267D /* Debug */,
				A2301B561AF41A7C00E2267D /* Release */,
				A20D8A0C1BB2607700B4262A /* Beta */,
			);
			defaultConfigurationIsVisible = 0;
			defaultConfigurationName = Release;
		};
		A2C2F1FA1B588AEB00360A25 /* Build configuration list for PBXNativeTarget "DoozerUITests" */ = {
			isa = XCConfigurationList;
			buildConfigurations = (
				A2C2F1FB1B588AEB00360A25 /* Debug */,
				A2C2F1FC1B588AEB00360A25 /* Release */,
				A20D8A0D1BB2607700B4262A /* Beta */,
			);
			defaultConfigurationIsVisible = 0;
			defaultConfigurationName = Release;
		};
/* End XCConfigurationList section */

/* Begin XCVersionGroup section */
		A2301B321AF41A7C00E2267D /* Dan2Doozer.xcdatamodeld */ = {
			isa = XCVersionGroup;
			children = (
				A20A03FC1BB716A5007AEF27 /* Dan2Doozer 7.xcdatamodel */,
				A22C5F1C1B9A5D57001210C1 /* Dan2Doozer 6.xcdatamodel */,
				A26174AA1B8FF4840004B371 /* Dan2Doozer 5.xcdatamodel */,
				A26174A91B8FD87C0004B371 /* Dan2Doozer 4.xcdatamodel */,
				A26174A81B8FD8340004B371 /* Dan2Doozer 3.xcdatamodel */,
				A26174A71B8FD6420004B371 /* Dan2Doozer 2.xcdatamodel */,
				A2301B331AF41A7C00E2267D /* Dan2Doozer.xcdatamodel */,
			);
			currentVersion = A20A03FC1BB716A5007AEF27 /* Dan2Doozer 7.xcdatamodel */;
			path = Dan2Doozer.xcdatamodeld;
			sourceTree = "<group>";
			versionGroupType = wrapper.xcdatamodel;
		};
/* End XCVersionGroup section */
	};
	rootObject = A2301B201AF41A7C00E2267D /* Project object */;
}
